
Microsoft Visual Studio Solution File, Format Version 12.00
# Visual Studio Version 16
VisualStudioVersion = 16.0.30717.126
MinimumVisualStudioVersion = 10.0.40219.1
Project("{FAE04EC0-301F-11D3-BF4B-00C04F79EFBC}") = "FieldServicePWA", "FieldServicePWA\FieldServicePWA.csproj", "{F463C850-4A7B-43BD-A013-E162D67F3316}"
EndProject
Global
	GlobalSection(SolutionConfigurationPlatforms) = preSolution
		Debug|Any CPU = Debug|Any CPU
		Release|Any CPU = Release|Any CPU
	EndGlobalSection
	GlobalSection(ProjectConfigurationPlatforms) = postSolution
		{F463C850-4A7B-43BD-A013-E162D67F3316}.Debug|Any CPU.ActiveCfg = Debug|Any CPU
		{F463C850-4A7B-43BD-A013-E162D67F3316}.Debug|Any CPU.Build.0 = Debug|Any CPU
		{F463C850-4A7B-43BD-A013-E162D67F3316}.Release|Any CPU.ActiveCfg = Release|Any CPU
		{F463C850-4A7B-43BD-A013-E162D67F3316}.Release|Any CPU.Build.0 = Release|Any CPU
	EndGlobalSection
	GlobalSection(SolutionProperties) = preSolution
		HideSolutionNode = FALSE
	EndGlobalSection
	GlobalSection(ExtensibilityGlobals) = postSolution
		SolutionGuid = {AA06931A-DF16-44A0-B132-26B76A529934}
	EndGlobalSection
EndGlobal
